// !$*UTF8*$!
{
	archiveVersion = 1;
	classes = {
	};
	objectVersion = 46;
	objects = {

/* Begin PBXBuildFile section */
		3AD34AB91DF742E2003EAA9A /* AppDelegate.swift in Sources */ = {isa = PBXBuildFile; fileRef = 3AD34AB81DF742E2003EAA9A /* AppDelegate.swift */; };
		3AD34ABB1DF742E2003EAA9A /* ViewController.swift in Sources */ = {isa = PBXBuildFile; fileRef = 3AD34ABA1DF742E2003EAA9A /* ViewController.swift */; };
		3AD34ABE1DF742E2003EAA9A /* Main.storyboard in Resources */ = {isa = PBXBuildFile; fileRef = 3AD34ABC1DF742E2003EAA9A /* Main.storyboard */; };
		3AD34AC01DF742E2003EAA9A /* Assets.xcassets in Resources */ = {isa = PBXBuildFile; fileRef = 3AD34ABF1DF742E2003EAA9A /* Assets.xcassets */; };
		3AD34AC31DF742E2003EAA9A /* LaunchScreen.storyboard in Resources */ = {isa = PBXBuildFile; fileRef = 3AD34AC11DF742E2003EAA9A /* LaunchScreen.storyboard */; };
		3AD34AC81DF742E3003EAA9A /* swift3-local-notification-test WatchKit App.app in Embed Watch Content */ = {isa = PBXBuildFile; fileRef = 3AD34AC71DF742E3003EAA9A /* swift3-local-notification-test WatchKit App.app */; };
		3AD34ACE1DF742E3003EAA9A /* Interface.storyboard in Resources */ = {isa = PBXBuildFile; fileRef = 3AD34ACC1DF742E3003EAA9A /* Interface.storyboard */; };
		3AD34AD01DF742E3003EAA9A /* Assets.xcassets in Resources */ = {isa = PBXBuildFile; fileRef = 3AD34ACF1DF742E3003EAA9A /* Assets.xcassets */; };
		3AD34AD71DF742E3003EAA9A /* swift3-local-notification-test WatchKit Extension.appex in Embed App Extensions */ = {isa = PBXBuildFile; fileRef = 3AD34AD61DF742E3003EAA9A /* swift3-local-notification-test WatchKit Extension.appex */; settings = {ATTRIBUTES = (RemoveHeadersOnCopy, ); }; };
		3AD34ADC1DF742E3003EAA9A /* InterfaceController.swift in Sources */ = {isa = PBXBuildFile; fileRef = 3AD34ADB1DF742E3003EAA9A /* InterfaceController.swift */; };
		3AD34ADE1DF742E3003EAA9A /* ExtensionDelegate.swift in Sources */ = {isa = PBXBuildFile; fileRef = 3AD34ADD1DF742E3003EAA9A /* ExtensionDelegate.swift */; };
		3AD34AE01DF742E3003EAA9A /* Assets.xcassets in Resources */ = {isa = PBXBuildFile; fileRef = 3AD34ADF1DF742E3003EAA9A /* Assets.xcassets */; };
/* End PBXBuildFile section */

/* Begin PBXContainerItemProxy section */
		3AD34AC91DF742E3003EAA9A /* PBXContainerItemProxy */ = {
			isa = PBXContainerItemProxy;
			containerPortal = 3AD34AAD1DF742E2003EAA9A /* Project object */;
			proxyType = 1;
			remoteGlobalIDString = 3AD34AC61DF742E3003EAA9A;
			remoteInfo = "swift3-local-notification-test WatchKit App";
		};
		3AD34AD81DF742E3003EAA9A /* PBXContainerItemProxy */ = {
			isa = PBXContainerItemProxy;
			containerPortal = 3AD34AAD1DF742E2003EAA9A /* Project object */;
			proxyType = 1;
			remoteGlobalIDString = 3AD34AD51DF742E3003EAA9A;
			remoteInfo = "swift3-local-notification-test WatchKit Extension";
		};
/* End PBXContainerItemProxy section */

/* Begin PBXCopyFilesBuildPhase section */
		3AD34AE71DF742E3003EAA9A /* Embed App Extensions */ = {
			isa = PBXCopyFilesBuildPhase;
			buildActionMask = 2147483647;
			dstPath = "";
			dstSubfolderSpec = 13;
			files = (
				3AD34AD71DF742E3003EAA9A /* swift3-local-notification-test WatchKit Extension.appex in Embed App Extensions */,
			);
			name = "Embed App Extensions";
			runOnlyForDeploymentPostprocessing = 0;
		};
		3AD34AEB1DF742E3003EAA9A /* Embed Watch Content */ = {
			isa = PBXCopyFilesBuildPhase;
			buildActionMask = 2147483647;
			dstPath = "$(CONTENTS_FOLDER_PATH)/Watch";
			dstSubfolderSpec = 16;
			files = (
				3AD34AC81DF742E3003EAA9A /* swift3-local-notification-test WatchKit App.app in Embed Watch Content */,
			);
			name = "Embed Watch Content";
			runOnlyForDeploymentPostprocessing = 0;
		};
/* End PBXCopyFilesBuildPhase section */

/* Begin PBXFileReference section */
		3AD34AB51DF742E2003EAA9A /* swift3-local-notification-test.app */ = {isa = PBXFileReference; explicitFileType = wrapper.application; includeInIndex = 0; path = "swift3-local-notification-test.app"; sourceTree = BUILT_PRODUCTS_DIR; };
		3AD34AB81DF742E2003EAA9A /* AppDelegate.swift */ = {isa = PBXFileReference; lastKnownFileType = sourcecode.swift; path = AppDelegate.swift; sourceTree = "<group>"; };
		3AD34ABA1DF742E2003EAA9A /* ViewController.swift */ = {isa = PBXFileReference; lastKnownFileType = sourcecode.swift; path = ViewController.swift; sourceTree = "<group>"; };
		3AD34ABD1DF742E2003EAA9A /* Base */ = {isa = PBXFileReference; lastKnownFileType = file.storyboard; name = Base; path = Base.lproj/Main.storyboard; sourceTree = "<group>"; };
		3AD34ABF1DF742E2003EAA9A /* Assets.xcassets */ = {isa = PBXFileReference; lastKnownFileType = folder.assetcatalog; path = Assets.xcassets; sourceTree = "<group>"; };
		3AD34AC21DF742E2003EAA9A /* Base */ = {isa = PBXFileReference; lastKnownFileType = file.storyboard; name = Base; path = Base.lproj/LaunchScreen.storyboard; sourceTree = "<group>"; };
		3AD34AC41DF742E2003EAA9A /* Info.plist */ = {isa = PBXFileReference; lastKnownFileType = text.plist.xml; path = Info.plist; sourceTree = "<group>"; };
		3AD34AC71DF742E3003EAA9A /* swift3-local-notification-test WatchKit App.app */ = {isa = PBXFileReference; explicitFileType = wrapper.application; includeInIndex = 0; path = "swift3-local-notification-test WatchKit App.app"; sourceTree = BUILT_PRODUCTS_DIR; };
		3AD34ACD1DF742E3003EAA9A /* Base */ = {isa = PBXFileReference; lastKnownFileType = file.storyboard; name = Base; path = Base.lproj/Interface.storyboard; sourceTree = "<group>"; };
		3AD34ACF1DF742E3003EAA9A /* Assets.xcassets */ = {isa = PBXFileReference; lastKnownFileType = folder.assetcatalog; path = Assets.xcassets; sourceTree = "<group>"; };
		3AD34AD11DF742E3003EAA9A /* Info.plist */ = {isa = PBXFileReference; lastKnownFileType = text.plist.xml; path = Info.plist; sourceTree = "<group>"; };
		3AD34AD61DF742E3003EAA9A /* swift3-local-notification-test WatchKit Extension.appex */ = {isa = PBXFileReference; explicitFileType = "wrapper.app-extension"; includeInIndex = 0; path = "swift3-local-notification-test WatchKit Extension.appex"; sourceTree = BUILT_PRODUCTS_DIR; };
		3AD34ADB1DF742E3003EAA9A /* InterfaceController.swift */ = {isa = PBXFileReference; lastKnownFileType = sourcecode.swift; path = InterfaceController.swift; sourceTree = "<group>"; };
		3AD34ADD1DF742E3003EAA9A /* ExtensionDelegate.swift */ = {isa = PBXFileReference; lastKnownFileType = sourcecode.swift; path = ExtensionDelegate.swift; sourceTree = "<group>"; };
		3AD34ADF1DF742E3003EAA9A /* Assets.xcassets */ = {isa = PBXFileReference; lastKnownFileType = folder.assetcatalog; path = Assets.xcassets; sourceTree = "<group>"; };
		3AD34AE11DF742E3003EAA9A /* Info.plist */ = {isa = PBXFileReference; lastKnownFileType = text.plist.xml; path = Info.plist; sourceTree = "<group>"; };
/* End PBXFileReference section */

/* Begin PBXFrameworksBuildPhase section */
		3AD34AB21DF742E2003EAA9A /* Frameworks */ = {
			isa = PBXFrameworksBuildPhase;
			buildActionMask = 2147483647;
			files = (
			);
			runOnlyForDeploymentPostprocessing = 0;
		};
		3AD34AD31DF742E3003EAA9A /* Frameworks */ = {
			isa = PBXFrameworksBuildPhase;
			buildActionMask = 2147483647;
			files = (
			);
			runOnlyForDeploymentPostprocessing = 0;
		};
/* End PBXFrameworksBuildPhase section */

/* Begin PBXGroup section */
		3AD34AAC1DF742E2003EAA9A = {
			isa = PBXGroup;
			children = (
				3AD34AB71DF742E2003EAA9A /* swift3-local-notification-test */,
				3AD34ACB1DF742E3003EAA9A /* swift3-local-notification-test WatchKit App */,
				3AD34ADA1DF742E3003EAA9A /* swift3-local-notification-test WatchKit Extension */,
				3AD34AB61DF742E2003EAA9A /* Products */,
			);
			sourceTree = "<group>";
		};
		3AD34AB61DF742E2003EAA9A /* Products */ = {
			isa = PBXGroup;
			children = (
				3AD34AB51DF742E2003EAA9A /* swift3-local-notification-test.app */,
				3AD34AC71DF742E3003EAA9A /* swift3-local-notification-test WatchKit App.app */,
				3AD34AD61DF742E3003EAA9A /* swift3-local-notification-test WatchKit Extension.appex */,
			);
			name = Products;
			sourceTree = "<group>";
		};
		3AD34AB71DF742E2003EAA9A /* swift3-local-notification-test */ = {
			isa = PBXGroup;
			children = (
				3AD34AB81DF742E2003EAA9A /* AppDelegate.swift */,
				3AD34ABA1DF742E2003EAA9A /* ViewController.swift */,
				3AD34ABC1DF742E2003EAA9A /* Main.storyboard */,
				3AD34ABF1DF742E2003EAA9A /* Assets.xcassets */,
				3AD34AC11DF742E2003EAA9A /* LaunchScreen.storyboard */,
				3AD34AC41DF742E2003EAA9A /* Info.plist */,
			);
			path = "swift3-local-notification-test";
			sourceTree = "<group>";
		};
		3AD34ACB1DF742E3003EAA9A /* swift3-local-notification-test WatchKit App */ = {
			isa = PBXGroup;
			children = (
				3AD34ACC1DF742E3003EAA9A /* Interface.storyboard */,
				3AD34ACF1DF742E3003EAA9A /* Assets.xcassets */,
				3AD34AD11DF742E3003EAA9A /* Info.plist */,
			);
			path = "swift3-local-notification-test WatchKit App";
			sourceTree = "<group>";
		};
		3AD34ADA1DF742E3003EAA9A /* swift3-local-notification-test WatchKit Extension */ = {
			isa = PBXGroup;
			children = (
				3AD34ADB1DF742E3003EAA9A /* InterfaceController.swift */,
				3AD34ADD1DF742E3003EAA9A /* ExtensionDelegate.swift */,
				3AD34ADF1DF742E3003EAA9A /* Assets.xcassets */,
				3AD34AE11DF742E3003EAA9A /* Info.plist */,
			);
			path = "swift3-local-notification-test WatchKit Extension";
			sourceTree = "<group>";
		};
/* End PBXGroup section */

/* Begin PBXNativeTarget section */
		3AD34AB41DF742E2003EAA9A /* swift3-local-notification-test */ = {
			isa = PBXNativeTarget;
			buildConfigurationList = 3AD34AEC1DF742E3003EAA9A /* Build configuration list for PBXNativeTarget "swift3-local-notification-test" */;
			buildPhases = (
				3AD34AB11DF742E2003EAA9A /* Sources */,
				3AD34AB21DF742E2003EAA9A /* Frameworks */,
				3AD34AB31DF742E2003EAA9A /* Resources */,
				3AD34AEB1DF742E3003EAA9A /* Embed Watch Content */,
			);
			buildRules = (
			);
			dependencies = (
				3AD34ACA1DF742E3003EAA9A /* PBXTargetDependency */,
			);
			name = "swift3-local-notification-test";
			productName = "swift3-local-notification-test";
			productReference = 3AD34AB51DF742E2003EAA9A /* swift3-local-notification-test.app */;
			productType = "com.apple.product-type.application";
		};
		3AD34AC61DF742E3003EAA9A /* swift3-local-notification-test WatchKit App */ = {
			isa = PBXNativeTarget;
			buildConfigurationList = 3AD34AE81DF742E3003EAA9A /* Build configuration list for PBXNativeTarget "swift3-local-notification-test WatchKit App" */;
			buildPhases = (
				3AD34AC51DF742E3003EAA9A /* Resources */,
				3AD34AE71DF742E3003EAA9A /* Embed App Extensions */,
			);
			buildRules = (
			);
			dependencies = (
				3AD34AD91DF742E3003EAA9A /* PBXTargetDependency */,
			);
			name = "swift3-local-notification-test WatchKit App";
			productName = "swift3-local-notification-test WatchKit App";
			productReference = 3AD34AC71DF742E3003EAA9A /* swift3-local-notification-test WatchKit App.app */;
			productType = "com.apple.product-type.application.watchapp2";
		};
		3AD34AD51DF742E3003EAA9A /* swift3-local-notification-test WatchKit Extension */ = {
			isa = PBXNativeTarget;
			buildConfigurationList = 3AD34AE41DF742E3003EAA9A /* Build configuration list for PBXNativeTarget "swift3-local-notification-test WatchKit Extension" */;
			buildPhases = (
				3AD34AD21DF742E3003EAA9A /* Sources */,
				3AD34AD31DF742E3003EAA9A /* Frameworks */,
				3AD34AD41DF742E3003EAA9A /* Resources */,
			);
			buildRules = (
			);
			dependencies = (
			);
			name = "swift3-local-notification-test WatchKit Extension";
			productName = "swift3-local-notification-test WatchKit Extension";
			productReference = 3AD34AD61DF742E3003EAA9A /* swift3-local-notification-test WatchKit Extension.appex */;
			productType = "com.apple.product-type.watchkit2-extension";
		};
/* End PBXNativeTarget section */

/* Begin PBXProject section */
		3AD34AAD1DF742E2003EAA9A /* Project object */ = {
			isa = PBXProject;
			attributes = {
				LastSwiftUpdateCheck = 0810;
				LastUpgradeCheck = 0810;
				ORGANIZATIONNAME = "Drew Westcott";
				TargetAttributes = {
					3AD34AB41DF742E2003EAA9A = {
						CreatedOnToolsVersion = 8.1;
						DevelopmentTeam = 64798CH77E;
						ProvisioningStyle = Automatic;
					};
					3AD34AC61DF742E3003EAA9A = {
						CreatedOnToolsVersion = 8.1;
						DevelopmentTeam = 64798CH77E;
						ProvisioningStyle = Automatic;
					};
					3AD34AD51DF742E3003EAA9A = {
						CreatedOnToolsVersion = 8.1;
						DevelopmentTeam = 64798CH77E;
						ProvisioningStyle = Automatic;
					};
				};
			};
			buildConfigurationList = 3AD34AB01DF742E2003EAA9A /* Build configuration list for PBXProject "swift3-local-notification-test" */;
			compatibilityVersion = "Xcode 3.2";
			developmentRegion = English;
			hasScannedForEncodings = 0;
			knownRegions = (
				en,
				Base,
			);
			mainGroup = 3AD34AAC1DF742E2003EAA9A;
			productRefGroup = 3AD34AB61DF742E2003EAA9A /* Products */;
			projectDirPath = "";
			projectRoot = "";
			targets = (
				3AD34AB41DF742E2003EAA9A /* swift3-local-notification-test */,
				3AD34AC61DF742E3003EAA9A /* swift3-local-notification-test WatchKit App */,
				3AD34AD51DF742E3003EAA9A /* swift3-local-notification-test WatchKit Extension */,
			);
		};
/* End PBXProject section */

/* Begin PBXResourcesBuildPhase section */
		3AD34AB31DF742E2003EAA9A /* Resources */ = {
			isa = PBXResourcesBuildPhase;
			buildActionMask = 2147483647;
			files = (
				3AD34AC31DF742E2003EAA9A /* LaunchScreen.storyboard in Resources */,
				3AD34AC01DF742E2003EAA9A /* Assets.xcassets in Resources */,
				3AD34ABE1DF742E2003EAA9A /* Main.storyboard in Resources */,
			);
			runOnlyForDeploymentPostprocessing = 0;
		};
		3AD34AC51DF742E3003EAA9A /* Resources */ = {
			isa = PBXResourcesBuildPhase;
			buildActionMask = 2147483647;
			files = (
				3AD34AD01DF742E3003EAA9A /* Assets.xcassets in Resources */,
				3AD34ACE1DF742E3003EAA9A /* Interface.storyboard in Resources */,
			);
			runOnlyForDeploymentPostprocessing = 0;
		};
		3AD34AD41DF742E3003EAA9A /* Resources */ = {
			isa = PBXResourcesBuildPhase;
			buildActionMask = 2147483647;
			files = (
				3AD34AE01DF742E3003EAA9A /* Assets.xcassets in Resources */,
			);
			runOnlyForDeploymentPostprocessing = 0;
		};
/* End PBXResourcesBuildPhase section */

/* Begin PBXSourcesBuildPhase section */
		3AD34AB11DF742E2003EAA9A /* Sources */ = {
			isa = PBXSourcesBuildPhase;
			buildActionMask = 2147483647;
			files = (
				3AD34ABB1DF742E2003EAA9A /* ViewController.swift in Sources */,
				3AD34AB91DF742E2003EAA9A /* AppDelegate.swift in Sources */,
			);
			runOnlyForDeploymentPostprocessing = 0;
		};
		3AD34AD21DF742E3003EAA9A /* Sources */ = {
			isa = PBXSourcesBuildPhase;
			buildActionMask = 2147483647;
			files = (
				3AD34ADE1DF742E3003EAA9A /* ExtensionDelegate.swift in Sources */,
				3AD34ADC1DF742E3003EAA9A /* InterfaceController.swift in Sources */,
			);
			runOnlyForDeploymentPostprocessing = 0;
		};
/* End PBXSourcesBuildPhase section */

/* Begin PBXTargetDependency section */
		3AD34ACA1DF742E3003EAA9A /* PBXTargetDependency */ = {
			isa = PBXTargetDependency;
			target = 3AD34AC61DF742E3003EAA9A /* swift3-local-notification-test WatchKit App */;
			targetProxy = 3AD34AC91DF742E3003EAA9A /* PBXContainerItemProxy */;
		};
		3AD34AD91DF742E3003EAA9A /* PBXTargetDependency */ = {
			isa = PBXTargetDependency;
			target = 3AD34AD51DF742E3003EAA9A /* swift3-local-notification-test WatchKit Extension */;
			targetProxy = 3AD34AD81DF742E3003EAA9A /* PBXContainerItemProxy */;
		};
/* End PBXTargetDependency section */

/* Begin PBXVariantGroup section */
		3AD34ABC1DF742E2003EAA9A /* Main.storyboard */ = {
			isa = PBXVariantGroup;
			children = (
				3AD34ABD1DF742E2003EAA9A /* Base */,
			);
			name = Main.storyboard;
			sourceTree = "<group>";
		};
		3AD34AC11DF742E2003EAA9A /* LaunchScreen.storyboard */ = {
			isa = PBXVariantGroup;
			children = (
				3AD34AC21DF742E2003EAA9A /* Base */,
			);
			name = LaunchScreen.storyboard;
			sourceTree = "<group>";
		};
		3AD34ACC1DF742E3003EAA9A /* Interface.storyboard */ = {
			isa = PBXVariantGroup;
			children = (
				3AD34ACD1DF742E3003EAA9A /* Base */,
			);
			name = Interface.storyboard;
			sourceTree = "<group>";
		};
/* End PBXVariantGroup section */

/* Begin XCBuildConfiguration section */
		3AD34AE21DF742E3003EAA9A /* Debug */ = {
			isa = XCBuildConfiguration;
			buildSettings = {
				ALWAYS_SEARCH_USER_PATHS = NO;
				CLANG_ANALYZER_NONNULL = YES;
				CLANG_CXX_LANGUAGE_STANDARD = "gnu++0x";
				CLANG_CXX_LIBRARY = "libc++";
				CLANG_ENABLE_MODULES = YES;
				CLANG_ENABLE_OBJC_ARC = YES;
				CLANG_WARN_BOOL_CONVERSION = YES;
				CLANG_WARN_CONSTANT_CONVERSION = YES;
				CLANG_WARN_DIRECT_OBJC_ISA_USAGE = YES_ERROR;
				CLANG_WARN_DOCUMENTATION_COMMENTS = YES;
				CLANG_WARN_EMPTY_BODY = YES;
				CLANG_WARN_ENUM_CONVERSION = YES;
				CLANG_WARN_INFINITE_RECURSION = YES;
				CLANG_WARN_INT_CONVERSION = YES;
				CLANG_WARN_OBJC_ROOT_CLASS = YES_ERROR;
				CLANG_WARN_SUSPICIOUS_MOVES = YES;
				CLANG_WARN_UNREACHABLE_CODE = YES;
				CLANG_WARN__DUPLICATE_METHOD_MATCH = YES;
				"CODE_SIGN_IDENTITY[sdk=iphoneos*]" = "iPhone Developer";
				COPY_PHASE_STRIP = NO;
				DEBUG_INFORMATION_FORMAT = dwarf;
				ENABLE_STRICT_OBJC_MSGSEND = YES;
				ENABLE_TESTABILITY = YES;
				GCC_C_LANGUAGE_STANDARD = gnu99;
				GCC_DYNAMIC_NO_PIC = NO;
				GCC_NO_COMMON_BLOCKS = YES;
				GCC_OPTIMIZATION_LEVEL = 0;
				GCC_PREPROCESSOR_DEFINITIONS = (
					"DEBUG=1",
					"$(inherited)",
				);
				GCC_WARN_64_TO_32_BIT_CONVERSION = YES;
				GCC_WARN_ABOUT_RETURN_TYPE = YES_ERROR;
				GCC_WARN_UNDECLARED_SELECTOR = YES;
				GCC_WARN_UNINITIALIZED_AUTOS = YES_AGGRESSIVE;
				GCC_WARN_UNUSED_FUNCTION = YES;
				GCC_WARN_UNUSED_VARIABLE = YES;
				IPHONEOS_DEPLOYMENT_TARGET = 10.1;
				MTL_ENABLE_DEBUG_INFO = YES;
				ONLY_ACTIVE_ARCH = YES;
				SDKROOT = iphoneos;
				SWIFT_ACTIVE_COMPILATION_CONDITIONS = DEBUG;
				SWIFT_OPTIMIZATION_LEVEL = "-Onone";
			};
			name = Debug;
		};
		3AD34AE31DF742E3003EAA9A /* Release */ = {
			isa = XCBuildConfiguration;
			buildSettings = {
				ALWAYS_SEARCH_USER_PATHS = NO;
				CLANG_ANALYZER_NONNULL = YES;
				CLANG_CXX_LANGUAGE_STANDARD = "gnu++0x";
				CLANG_CXX_LIBRARY = "libc++";
				CLANG_ENABLE_MODULES = YES;
				CLANG_ENABLE_OBJC_ARC = YES;
				CLANG_WARN_BOOL_CONVERSION = YES;
				CLANG_WARN_CONSTANT_CONVERSION = YES;
				CLANG_WARN_DIRECT_OBJC_ISA_USAGE = YES_ERROR;
				CLANG_WARN_DOCUMENTATION_COMMENTS = YES;
				CLANG_WARN_EMPTY_BODY = YES;
				CLANG_WARN_ENUM_CONVERSION = YES;
				CLANG_WARN_INFINITE_RECURSION = YES;
				CLANG_WARN_INT_CONVERSION = YES;
				CLANG_WARN_OBJC_ROOT_CLASS = YES_ERROR;
				CLANG_WARN_SUSPICIOUS_MOVES = YES;
				CLANG_WARN_UNREACHABLE_CODE = YES;
				CLANG_WARN__DUPLICATE_METHOD_MATCH = YES;
				"CODE_SIGN_IDENTITY[sdk=iphoneos*]" = "iPhone Developer";
				COPY_PHASE_STRIP = NO;
				DEBUG_INFORMATION_FORMAT = "dwarf-with-dsym";
				ENABLE_NS_ASSERTIONS = NO;
				ENABLE_STRICT_OBJC_MSGSEND = YES;
				GCC_C_LANGUAGE_STANDARD = gnu99;
				GCC_NO_COMMON_BLOCKS = YES;
				GCC_WARN_64_TO_32_BIT_CONVERSION = YES;
				GCC_WARN_ABOUT_RETURN_TYPE = YES_ERROR;
				GCC_WARN_UNDECLARED_SELECTOR = YES;
				GCC_WARN_UNINITIALIZED_AUTOS = YES_AGGRESSIVE;
				GCC_WARN_UNUSED_FUNCTION = YES;
				GCC_WARN_UNUSED_VARIABLE = YES;
				IPHONEOS_DEPLOYMENT_TARGET = 10.1;
				MTL_ENABLE_DEBUG_INFO = NO;
				SDKROOT = iphoneos;
				SWIFT_OPTIMIZATION_LEVEL = "-Owholemodule";
				VALIDATE_PRODUCT = YES;
			};
			name = Release;
		};
		3AD34AE51DF742E3003EAA9A /* Debug */ = {
			isa = XCBuildConfiguration;
			buildSettings = {
				ASSETCATALOG_COMPILER_COMPLICATION_NAME = Complication;
				DEVELOPMENT_TEAM = 64798CH77E;
				INFOPLIST_FILE = "swift3-local-notification-test WatchKit Extension/Info.plist";
				LD_RUNPATH_SEARCH_PATHS = "$(inherited) @executable_path/Frameworks @executable_path/../../Frameworks";
				PRODUCT_BUNDLE_IDENTIFIER = "uk.co.drewwestcott.swift3-local-notification-test.watchkitapp.watchkitextension";
				PRODUCT_NAME = "${TARGET_NAME}";
				SDKROOT = watchos;
				SKIP_INSTALL = YES;
				SWIFT_VERSION = 3.0;
				TARGETED_DEVICE_FAMILY = 4;
				WATCHOS_DEPLOYMENT_TARGET = 3.1;
			};
			name = Debug;
		};
		3AD34AE61DF742E3003EAA9A /* Release */ = {
			isa = XCBuildConfiguration;
			buildSettings = {
				ASSETCATALOG_COMPILER_COMPLICATION_NAME = Complication;
				DEVELOPMENT_TEAM = 64798CH77E;
				INFOPLIST_FILE = "swift3-local-notification-test WatchKit Extension/Info.plist";
				LD_RUNPATH_SEARCH_PATHS = "$(inherited) @executable_path/Frameworks @executable_path/../../Frameworks";
				PRODUCT_BUNDLE_IDENTIFIER = "uk.co.drewwestcott.swift3-local-notification-test.watchkitapp.watchkitextension";
				PRODUCT_NAME = "${TARGET_NAME}";
				SDKROOT = watchos;
				SKIP_INSTALL = YES;
				SWIFT_VERSION = 3.0;
				TARGETED_DEVICE_FAMILY = 4;
				WATCHOS_DEPLOYMENT_TARGET = 3.1;
			};
			name = Release;
		};
		3AD34AE91DF742E3003EAA9A /* Debug */ = {
			isa = XCBuildConfiguration;
			buildSettings = {
				ALWAYS_EMBED_SWIFT_STANDARD_LIBRARIES = YES;
				ASSETCATALOG_COMPILER_APPICON_NAME = AppIcon;
				DEVELOPMENT_TEAM = 64798CH77E;
				IBSC_MODULE = swift3_local_notification_test_WatchKit_Extension;
				INFOPLIST_FILE = "swift3-local-notification-test WatchKit App/Info.plist";
				PRODUCT_BUNDLE_IDENTIFIER = "uk.co.drewwestcott.swift3-local-notification-test.watchkitapp";
				PRODUCT_NAME = "$(TARGET_NAME)";
				SDKROOT = watchos;
				SKIP_INSTALL = YES;
				SWIFT_VERSION = 3.0;
				TARGETED_DEVICE_FAMILY = 4;
				WATCHOS_DEPLOYMENT_TARGET = 3.1;
			};
			name = Debug;
		};
		3AD34AEA1DF742E3003EAA9A /* Release */ = {
			isa = XCBuildConfiguration;
			buildSettings = {
				ALWAYS_EMBED_SWIFT_STANDARD_LIBRARIES = YES;
				ASSETCATALOG_COMPILER_APPICON_NAME = AppIcon;
				DEVELOPMENT_TEAM = 64798CH77E;
				IBSC_MODULE = swift3_local_notification_test_WatchKit_Extension;
				INFOPLIST_FILE = "swift3-local-notification-test WatchKit App/Info.plist";
				PRODUCT_BUNDLE_IDENTIFIER = "uk.co.drewwestcott.swift3-local-notification-test.watchkitapp";
				PRODUCT_NAME = "$(TARGET_NAME)";
				SDKROOT = watchos;
				SKIP_INSTALL = YES;
				SWIFT_VERSION = 3.0;
				TARGETED_DEVICE_FAMILY = 4;
				WATCHOS_DEPLOYMENT_TARGET = 3.1;
			};
			name = Release;
		};
		3AD34AED1DF742E3003EAA9A /* Debug */ = {
			isa = XCBuildConfiguration;
			buildSettings = {
				ASSETCATALOG_COMPILER_APPICON_NAME = AppIcon;
				DEVELOPMENT_TEAM = 64798CH77E;
				INFOPLIST_FILE = "swift3-local-notification-test/Info.plist";
				LD_RUNPATH_SEARCH_PATHS = "$(inherited) @executable_path/Frameworks";
				PRODUCT_BUNDLE_IDENTIFIER = "uk.co.drewwestcott.swift3-local-notification-test";
				PRODUCT_NAME = "$(TARGET_NAME)";
				SWIFT_VERSION = 3.0;
			};
			name = Debug;
		};
		3AD34AEE1DF742E3003EAA9A /* Release */ = {
			isa = XCBuildConfiguration;
			buildSettings = {
				ASSETCATALOG_COMPILER_APPICON_NAME = AppIcon;
				DEVELOPMENT_TEAM = 64798CH77E;
				INFOPLIST_FILE = "swift3-local-notification-test/Info.plist";
				LD_RUNPATH_SEARCH_PATHS = "$(inherited) @executable_path/Frameworks";
				PRODUCT_BUNDLE_IDENTIFIER = "uk.co.drewwestcott.swift3-local-notification-test";
				PRODUCT_NAME = "$(TARGET_NAME)";
				SWIFT_VERSION = 3.0;
			};
			name = Release;
		};
/* End XCBuildConfiguration section */

/* Begin XCConfigurationList section */
		3AD34AB01DF742E2003EAA9A /* Build configuration list for PBXProject "swift3-local-notification-test" */ = {
			isa = XCConfigurationList;
			buildConfigurations = (
				3AD34AE21DF742E3003EAA9A /* Debug */,
				3AD34AE31DF742E3003EAA9A /* Release */,
			);
			defaultConfigurationIsVisible = 0;
			defaultConfigurationName = Release;
		};
		3AD34AE41DF742E3003EAA9A /* Build configuration list for PBXNativeTarget "swift3-local-notification-test WatchKit Extension" */ = {
			isa = XCConfigurationList;
			buildConfigurations = (
				3AD34AE51DF742E3003EAA9A /* Debug */,
				3AD34AE61DF742E3003EAA9A /* Release */,
			);
			defaultConfigurationIsVisible = 0;
		};
		3AD34AE81DF742E3003EAA9A /* Build configuration list for PBXNativeTarget "swift3-local-notification-test WatchKit App" */ = {
			isa = XCConfigurationList;
			buildConfigurations = (
				3AD34AE91DF742E3003EAA9A /* Debug */,
				3AD34AEA1DF742E3003EAA9A /* Release */,
			);
			defaultConfigurationIsVisible = 0;
		};
		3AD34AEC1DF742E3003EAA9A /* Build configuration list for PBXNativeTarget "swift3-local-notification-test" */ = {
			isa = XCConfigurationList;
			buildConfigurations = (
				3AD34AED1DF742E3003EAA9A /* Debug */,
				3AD34AEE1DF742E3003EAA9A /* Release */,
			);
			defaultConfigurationIsVisible = 0;
		};
/* End XCConfigurationList section */
	};
	rootObject = 3AD34AAD1DF742E2003EAA9A /* Project object */;
}
